schema: '2.0'
stages:
  train:
    cmd: python train.py
    deps:
    - path: mushrooms.csv
      md5: 20e36f0bcc0fec359eb394ee947237dd
      size: 374003
    - path: train.py
      md5: cbbccbca276cc05df03133d02676b43b
      size: 3446
    params:
      params.yaml:
        train.max_depth: 5
        train.n_estimators: 5
        train.seed: 42
    outs:
    - path: metrics.txt
      md5: 53350733e57194fae7dd298e395a5892
      size: 46
    - path: prc.json
      md5: 185aac2ffae84c84f5b2c7863773a02c
      size: 281
    - path: rf.pkl
      md5: f8a4b97fcc35e645b3af7aea769bca52
      size: 12414
    - path: roc.json
      md5: 6544d1eef81aa8b2837eab3beca08330
      size: 346
    - path: scores.json
      md5: c8a5bfc7487061e8cdfe937805105899
      size: 37
