schema: '2.0'
stages:
  train:
    cmd: python train.py
    deps:
    - path: mushrooms.csv
      md5: 20e36f0bcc0fec359eb394ee947237dd
      size: 374003
    - path: train.py
      md5: cbbccbca276cc05df03133d02676b43b
      size: 3446
    params:
      params.yaml:
        train.max_depth: 5
        train.n_estimators: 5
        train.seed: 40
    outs:
    - path: metrics.txt
      md5: a969001220a92d778cd509784c95d373
      size: 46
    - path: prc.json
      md5: 03e49b0a5d3e00292c3e97473767a014
      size: 266
    - path: rf.pkl
      md5: ed1c0980bd99b2ee0eb752168a491143
      size: 13566
    - path: roc.json
      md5: d606019693887bb25b8b5364eb320a3c
      size: 330
    - path: scores.json
      md5: 32d377765aa02169e1cf2bd3211f620d
      size: 37
